
Microsoft Visual Studio Solution File, Format Version 12.00
# Visual Studio Version 16
VisualStudioVersion = 16.0.30114.105
MinimumVisualStudioVersion = 10.0.40219.1
Project("{2150E333-8FDC-42A3-9474-1A3956D46DE8}") = "src", "src", "{A02B311C-28E1-469F-8646-C76B459E074B}"
EndProject
Project("{FAE04EC0-301F-11D3-BF4B-00C04F79EFBC}") = "Frontend", "src\Frontend\Frontend.csproj", "{84761F60-37B8-4949-947B-6204CE1EC62F}"
EndProject
Project("{FAE04EC0-301F-11D3-BF4B-00C04F79EFBC}") = "Ingredients.Data", "src\Ingredients.Data\Ingredients.Data.csproj", "{2A613147-2A62-44D9-8296-5283C03B712F}"
EndProject
Project("{FAE04EC0-301F-11D3-BF4B-00C04F79EFBC}") = "Orders.PubSub", "src\Orders.PubSub\Orders.PubSub.csproj", "{5C1CB20B-599A-4EC2-90BE-F3C7D2B22DA1}"
EndProject
Project("{2150E333-8FDC-42A3-9474-1A3956D46DE8}") = "test", "test", "{21D49B5C-2B6C-4E62-B3EC-0E79909BF3F6}"
EndProject
Project("{FAE04EC0-301F-11D3-BF4B-00C04F79EFBC}") = "GrpcTestHelper", "test\GrpcTestHelper\GrpcTestHelper.csproj", "{CF0A8113-7381-44BD-A592-904D839F11C9}"
EndProject
Project("{FAE04EC0-301F-11D3-BF4B-00C04F79EFBC}") = "Ingredients", "src\Ingredients\Ingredients.csproj", "{29459A35-B1A3-4636-8172-2AE00198C3B1}"
EndProject
Project("{FAE04EC0-301F-11D3-BF4B-00C04F79EFBC}") = "Ingredients.Tests", "test\Ingredients.Tests\Ingredients.Tests.csproj", "{CAC77C49-54D2-45FC-BA3A-13C66CBE2903}"
EndProject
Project("{2150E333-8FDC-42A3-9474-1A3956D46DE8}") = "files", "files", "{8DEE8383-A96D-4607-9674-26F7BCCCE851}"
	ProjectSection(SolutionItems) = preProject
		tye.yaml = tye.yaml
	EndProjectSection
EndProject
Project("{FAE04EC0-301F-11D3-BF4B-00C04F79EFBC}") = "Orders", "src\Orders\Orders.csproj", "{D2A76B99-9FD7-4C8A-A851-A97C1D35DF5D}"
EndProject
Project("{FAE04EC0-301F-11D3-BF4B-00C04F79EFBC}") = "Shop", "src\Shop\Shop.csproj", "{B865A7EB-2E9E-4434-ACB7-E052C94ECBAD}"
EndProject
Global
	GlobalSection(SolutionConfigurationPlatforms) = preSolution
		Debug|Any CPU = Debug|Any CPU
		Release|Any CPU = Release|Any CPU
	EndGlobalSection
	GlobalSection(SolutionProperties) = preSolution
		HideSolutionNode = FALSE
	EndGlobalSection
	GlobalSection(ProjectConfigurationPlatforms) = postSolution
		{84761F60-37B8-4949-947B-6204CE1EC62F}.Debug|Any CPU.ActiveCfg = Debug|Any CPU
		{84761F60-37B8-4949-947B-6204CE1EC62F}.Debug|Any CPU.Build.0 = Debug|Any CPU
		{84761F60-37B8-4949-947B-6204CE1EC62F}.Release|Any CPU.ActiveCfg = Release|Any CPU
		{84761F60-37B8-4949-947B-6204CE1EC62F}.Release|Any CPU.Build.0 = Release|Any CPU
		{2A613147-2A62-44D9-8296-5283C03B712F}.Debug|Any CPU.ActiveCfg = Debug|Any CPU
		{2A613147-2A62-44D9-8296-5283C03B712F}.Debug|Any CPU.Build.0 = Debug|Any CPU
		{2A613147-2A62-44D9-8296-5283C03B712F}.Release|Any CPU.ActiveCfg = Release|Any CPU
		{2A613147-2A62-44D9-8296-5283C03B712F}.Release|Any CPU.Build.0 = Release|Any CPU
		{5C1CB20B-599A-4EC2-90BE-F3C7D2B22DA1}.Debug|Any CPU.ActiveCfg = Debug|Any CPU
		{5C1CB20B-599A-4EC2-90BE-F3C7D2B22DA1}.Debug|Any CPU.Build.0 = Debug|Any CPU
		{5C1CB20B-599A-4EC2-90BE-F3C7D2B22DA1}.Release|Any CPU.ActiveCfg = Release|Any CPU
		{5C1CB20B-599A-4EC2-90BE-F3C7D2B22DA1}.Release|Any CPU.Build.0 = Release|Any CPU
		{CF0A8113-7381-44BD-A592-904D839F11C9}.Debug|Any CPU.ActiveCfg = Debug|Any CPU
		{CF0A8113-7381-44BD-A592-904D839F11C9}.Debug|Any CPU.Build.0 = Debug|Any CPU
		{CF0A8113-7381-44BD-A592-904D839F11C9}.Release|Any CPU.ActiveCfg = Release|Any CPU
		{CF0A8113-7381-44BD-A592-904D839F11C9}.Release|Any CPU.Build.0 = Release|Any CPU
		{29459A35-B1A3-4636-8172-2AE00198C3B1}.Debug|Any CPU.ActiveCfg = Debug|Any CPU
		{29459A35-B1A3-4636-8172-2AE00198C3B1}.Debug|Any CPU.Build.0 = Debug|Any CPU
		{29459A35-B1A3-4636-8172-2AE00198C3B1}.Release|Any CPU.ActiveCfg = Release|Any CPU
		{29459A35-B1A3-4636-8172-2AE00198C3B1}.Release|Any CPU.Build.0 = Release|Any CPU
		{CAC77C49-54D2-45FC-BA3A-13C66CBE2903}.Debug|Any CPU.ActiveCfg = Debug|Any CPU
		{CAC77C49-54D2-45FC-BA3A-13C66CBE2903}.Debug|Any CPU.Build.0 = Debug|Any CPU
		{CAC77C49-54D2-45FC-BA3A-13C66CBE2903}.Release|Any CPU.ActiveCfg = Release|Any CPU
		{CAC77C49-54D2-45FC-BA3A-13C66CBE2903}.Release|Any CPU.Build.0 = Release|Any CPU
		{D2A76B99-9FD7-4C8A-A851-A97C1D35DF5D}.Debug|Any CPU.ActiveCfg = Debug|Any CPU
		{D2A76B99-9FD7-4C8A-A851-A97C1D35DF5D}.Debug|Any CPU.Build.0 = Debug|Any CPU
		{D2A76B99-9FD7-4C8A-A851-A97C1D35DF5D}.Release|Any CPU.ActiveCfg = Release|Any CPU
		{D2A76B99-9FD7-4C8A-A851-A97C1D35DF5D}.Release|Any CPU.Build.0 = Release|Any CPU
		{B865A7EB-2E9E-4434-ACB7-E052C94ECBAD}.Debug|Any CPU.ActiveCfg = Debug|Any CPU
		{B865A7EB-2E9E-4434-ACB7-E052C94ECBAD}.Debug|Any CPU.Build.0 = Debug|Any CPU
		{B865A7EB-2E9E-4434-ACB7-E052C94ECBAD}.Release|Any CPU.ActiveCfg = Release|Any CPU
		{B865A7EB-2E9E-4434-ACB7-E052C94ECBAD}.Release|Any CPU.Build.0 = Release|Any CPU
	EndGlobalSection
	GlobalSection(NestedProjects) = preSolution
		{84761F60-37B8-4949-947B-6204CE1EC62F} = {A02B311C-28E1-469F-8646-C76B459E074B}
		{2A613147-2A62-44D9-8296-5283C03B712F} = {A02B311C-28E1-469F-8646-C76B459E074B}
		{5C1CB20B-599A-4EC2-90BE-F3C7D2B22DA1} = {A02B311C-28E1-469F-8646-C76B459E074B}
		{CF0A8113-7381-44BD-A592-904D839F11C9} = {21D49B5C-2B6C-4E62-B3EC-0E79909BF3F6}
		{29459A35-B1A3-4636-8172-2AE00198C3B1} = {A02B311C-28E1-469F-8646-C76B459E074B}
		{CAC77C49-54D2-45FC-BA3A-13C66CBE2903} = {21D49B5C-2B6C-4E62-B3EC-0E79909BF3F6}
		{D2A76B99-9FD7-4C8A-A851-A97C1D35DF5D} = {A02B311C-28E1-469F-8646-C76B459E074B}
		{B865A7EB-2E9E-4434-ACB7-E052C94ECBAD} = {A02B311C-28E1-469F-8646-C76B459E074B}
	EndGlobalSection
EndGlobal
